
Microsoft Visual Studio Solution File, Format Version 12.00
# Visual Studio Version 17
VisualStudioVersion = 17.10.35013.160
MinimumVisualStudioVersion = 10.0.40219.1
Project("{FAE04EC0-301F-11D3-BF4B-00C04F79EFBC}") = "Web", "TajimaSoftwareTest\Web.csproj", "{9A5AF542-B53D-4BE1-BDBC-57E03EC6CAB3}"
EndProject
Project("{FAE04EC0-301F-11D3-BF4B-00C04F79EFBC}") = "Data", "Data\Data.csproj", "{36B0CCDB-B2AB-4086-90FF-C50B0DE36766}"
EndProject
Project("{FAE04EC0-301F-11D3-BF4B-00C04F79EFBC}") = "Application", "Application\Application.csproj", "{11CD1CF4-9578-4961-9DA2-801EB8C65E8C}"
EndProject
Global
	GlobalSection(SolutionConfigurationPlatforms) = preSolution
		Debug|Any CPU = Debug|Any CPU
		Release|Any CPU = Release|Any CPU
	EndGlobalSection
	GlobalSection(ProjectConfigurationPlatforms) = postSolution
		{9A5AF542-B53D-4BE1-BDBC-57E03EC6CAB3}.Debug|Any CPU.ActiveCfg = Debug|Any CPU
		{9A5AF542-B53D-4BE1-BDBC-57E03EC6CAB3}.Debug|Any CPU.Build.0 = Debug|Any CPU
		{9A5AF542-B53D-4BE1-BDBC-57E03EC6CAB3}.Release|Any CPU.ActiveCfg = Release|Any CPU
		{9A5AF542-B53D-4BE1-BDBC-57E03EC6CAB3}.Release|Any CPU.Build.0 = Release|Any CPU
		{36B0CCDB-B2AB-4086-90FF-C50B0DE36766}.Debug|Any CPU.ActiveCfg = Debug|Any CPU
		{36B0CCDB-B2AB-4086-90FF-C50B0DE36766}.Debug|Any CPU.Build.0 = Debug|Any CPU
		{36B0CCDB-B2AB-4086-90FF-C50B0DE36766}.Release|Any CPU.ActiveCfg = Release|Any CPU
		{36B0CCDB-B2AB-4086-90FF-C50B0DE36766}.Release|Any CPU.Build.0 = Release|Any CPU
		{11CD1CF4-9578-4961-9DA2-801EB8C65E8C}.Debug|Any CPU.ActiveCfg = Debug|Any CPU
		{11CD1CF4-9578-4961-9DA2-801EB8C65E8C}.Debug|Any CPU.Build.0 = Debug|Any CPU
		{11CD1CF4-9578-4961-9DA2-801EB8C65E8C}.Release|Any CPU.ActiveCfg = Release|Any CPU
		{11CD1CF4-9578-4961-9DA2-801EB8C65E8C}.Release|Any CPU.Build.0 = Release|Any CPU
	EndGlobalSection
	GlobalSection(SolutionProperties) = preSolution
		HideSolutionNode = FALSE
	EndGlobalSection
	GlobalSection(ExtensibilityGlobals) = postSolution
		SolutionGuid = {4E4ADC63-FCD7-4973-B8CE-D124431CC06A}
	EndGlobalSection
EndGlobal
